
Microsoft Visual Studio Solution File, Format Version 12.00
# Visual Studio Version 17
VisualStudioVersion = 17.14.36414.22
MinimumVisualStudioVersion = 10.0.40219.1
Project("{FAE04EC0-301F-11D3-BF4B-00C04F79EFBC}") = "Win32Emu", "Win32Emu\Win32Emu.csproj", "{7B39CBFD-3ACD-402A-BAB1-425CA3DAF117}"
EndProject
Project("{FAE04EC0-301F-11D3-BF4B-00C04F79EFBC}") = "Win32Emu.Generators", "Win32Emu.Generators\Win32Emu.Generators.csproj", "{2E2CDF69-4ED9-746A-214E-692D55957490}"
EndProject
Project("{2150E333-8FDC-42A3-9474-1A3956D46DE8}") = "Solution Items", "Solution Items", "{8EC462FD-D22E-90A8-E5CE-7E832BA40C5D}"
	ProjectSection(SolutionItems) = preProject
		.editorconfig = .editorconfig
	EndProjectSection
EndProject
Project("{FAE04EC0-301F-11D3-BF4B-00C04F79EFBC}") = "Win32Emu.Tests.Kernel32", "Win32Emu.Tests.Kernel32\Win32Emu.Tests.Kernel32.csproj", "{A9B2A2AB-3583-4669-AD10-C8C51A5FE891}"
EndProject
Project("{FAE04EC0-301F-11D3-BF4B-00C04F79EFBC}") = "Win32Emu.Tests.User32", "Win32Emu.Tests.User32\Win32Emu.Tests.User32.csproj", "{09E1D05B-D8EF-44BC-9A9C-69B3306637F4}"
EndProject
Project("{FAE04EC0-301F-11D3-BF4B-00C04F79EFBC}") = "Win32Emu.Gui", "Win32Emu.Gui\Win32Emu.Gui.csproj", "{00B08D75-5D6A-4234-A05B-AD464DF09B33}"
EndProject
Project("{FAE04EC0-301F-11D3-BF4B-00C04F79EFBC}") = "Win32Emu.Tests.Emulator", "Win32Emu.Tests.Emulator\Win32Emu.Tests.Emulator.csproj", "{FAFD63C5-34CC-402E-B033-41ED7DC49400}"
EndProject
Project("{2150E333-8FDC-42A3-9474-1A3956D46DE8}") = "DLLs", "DLLs", "{BD8301D0-EC1D-46DD-B3DC-11A282404259}"
EndProject
Project("{2150E333-8FDC-42A3-9474-1A3956D46DE8}") = "WinME", "WinME", "{D241F632-4AC7-42FA-917B-85F0EE1F9CED}"
	ProjectSection(SolutionItems) = preProject
		DLLs\WinME\WINMM.DLL = DLLs\WinME\WINMM.DLL
		DLLs\WinME\USER32.DLL = DLLs\WinME\USER32.DLL
		DLLs\WinME\KERNEL32.DLL = DLLs\WinME\KERNEL32.DLL
		DLLs\WinME\GDI32.DLL = DLLs\WinME\GDI32.DLL
		DLLs\WinME\DSOUND.DLL = DLLs\WinME\DSOUND.DLL
		DLLs\WinME\DPLAYX.DLL = DLLs\WinME\DPLAYX.DLL
		DLLs\WinME\DPLAY.DLL = DLLs\WinME\DPLAY.DLL
		DLLs\WinME\dinput8.dll = DLLs\WinME\dinput8.dll
		DLLs\WinME\DINPUT.DLL = DLLs\WinME\DINPUT.DLL
		DLLs\WinME\DDRAW.DLL = DLLs\WinME\DDRAW.DLL
		DLLs\WinME\GLIDE2X.DLL = DLLs\WinME\GLIDE2X.DLL
	EndProjectSection
EndProject
Project("{2150E333-8FDC-42A3-9474-1A3956D46DE8}") = "WinXP", "WinXP", "{1CB43367-B21B-4548-8D02-8508762B05EE}"
	ProjectSection(SolutionItems) = preProject
		DLLs\WinXP\winmm.dll = DLLs\WinXP\winmm.dll
		DLLs\WinXP\user32.dll = DLLs\WinXP\user32.dll
		DLLs\WinXP\kernel32.dll = DLLs\WinXP\kernel32.dll
		DLLs\WinXP\gdi32.dll = DLLs\WinXP\gdi32.dll
		DLLs\WinXP\dsound.dll = DLLs\WinXP\dsound.dll
		DLLs\WinXP\dplay.dll = DLLs\WinXP\dplay.dll
		DLLs\WinXP\dplayx.dll = DLLs\WinXP\dplayx.dll
		DLLs\WinXP\dinput8.dll = DLLs\WinXP\dinput8.dll
		DLLs\WinXP\dinput.dll = DLLs\WinXP\dinput.dll
		DLLs\WinXP\ddraw.dll = DLLs\WinXP\ddraw.dll
	EndProjectSection
EndProject
Project("{FAE04EC0-301F-11D3-BF4B-00C04F79EFBC}") = "Win32Emu.Tests.Gui", "Win32Emu.Tests.Gui\Win32Emu.Tests.Gui.csproj", "{6E7CBBC8-81E2-4446-A434-4A0942FB477E}"
EndProject
Project("{FAE04EC0-301F-11D3-BF4B-00C04F79EFBC}") = "Win32Emu.Tools.WikidataEnricher", "Win32Emu.Tools.WikidataEnricher\Win32Emu.Tools.WikidataEnricher.csproj", "{70BE4532-71DD-429D-8ECE-B6E07D16B08A}"
EndProject
Project("{2150E333-8FDC-42A3-9474-1A3956D46DE8}") = "Decomp", "Decomp", "{8B49F0DF-39B6-48A4-A760-9D3388683F88}"
EndProject
Project("{2150E333-8FDC-42A3-9474-1A3956D46DE8}") = "ign_teas", "ign_teas", "{C9170703-CD97-4BCC-BAE6-C6886DB6AAF3}"
	ProjectSection(SolutionItems) = preProject
		Decomp\ign_teas\binaryninja.cpp = Decomp\ign_teas\binaryninja.cpp
		Decomp\ign_teas\boomerang.cpp = Decomp\ign_teas\boomerang.cpp
		Decomp\ign_teas\ghidra.cpp = Decomp\ign_teas\ghidra.cpp
		Decomp\ign_teas\hexrays.cpp = Decomp\ign_teas\hexrays.cpp
		Decomp\ign_teas\recstudio.cpp = Decomp\ign_teas\recstudio.cpp
		Decomp\ign_teas\reko.cpp = Decomp\ign_teas\reko.cpp
		Decomp\ign_teas\retdec.cpp = Decomp\ign_teas\retdec.cpp
		Decomp\ign_teas\snowman.cpp = Decomp\ign_teas\snowman.cpp
	EndProjectSection
EndProject
Project("{FAE04EC0-301F-11D3-BF4B-00C04F79EFBC}") = "Win32Emu.CodeGen", "Win32Emu.CodeGen\Win32Emu.CodeGen.csproj", "{6C00444F-EF71-4271-A9C7-E5283F7581D5}"
EndProject
Project("{FAE04EC0-301F-11D3-BF4B-00C04F79EFBC}") = "Win32Emu.Tests.CodeGen", "Win32Emu.Tests.CodeGen\Win32Emu.Tests.CodeGen.csproj", "{39F582F0-56E6-4CD7-9A3C-5AFD08D87813}"
EndProject
Global
	GlobalSection(SolutionConfigurationPlatforms) = preSolution
		Debug|Any CPU = Debug|Any CPU
		Debug|x64 = Debug|x64
		Debug|x86 = Debug|x86
		Release|Any CPU = Release|Any CPU
		Release|x64 = Release|x64
		Release|x86 = Release|x86
	EndGlobalSection
	GlobalSection(ProjectConfigurationPlatforms) = postSolution
		{7B39CBFD-3ACD-402A-BAB1-425CA3DAF117}.Debug|Any CPU.ActiveCfg = Debug|Any CPU
		{7B39CBFD-3ACD-402A-BAB1-425CA3DAF117}.Debug|Any CPU.Build.0 = Debug|Any CPU
		{7B39CBFD-3ACD-402A-BAB1-425CA3DAF117}.Debug|x64.ActiveCfg = Debug|Any CPU
		{7B39CBFD-3ACD-402A-BAB1-425CA3DAF117}.Debug|x64.Build.0 = Debug|Any CPU
		{7B39CBFD-3ACD-402A-BAB1-425CA3DAF117}.Debug|x86.ActiveCfg = Debug|Any CPU
		{7B39CBFD-3ACD-402A-BAB1-425CA3DAF117}.Debug|x86.Build.0 = Debug|Any CPU
		{7B39CBFD-3ACD-402A-BAB1-425CA3DAF117}.Release|Any CPU.ActiveCfg = Release|Any CPU
		{7B39CBFD-3ACD-402A-BAB1-425CA3DAF117}.Release|Any CPU.Build.0 = Release|Any CPU
		{7B39CBFD-3ACD-402A-BAB1-425CA3DAF117}.Release|x64.ActiveCfg = Release|Any CPU
		{7B39CBFD-3ACD-402A-BAB1-425CA3DAF117}.Release|x64.Build.0 = Release|Any CPU
		{7B39CBFD-3ACD-402A-BAB1-425CA3DAF117}.Release|x86.ActiveCfg = Release|Any CPU
		{7B39CBFD-3ACD-402A-BAB1-425CA3DAF117}.Release|x86.Build.0 = Release|Any CPU
		{2E2CDF69-4ED9-746A-214E-692D55957490}.Debug|Any CPU.ActiveCfg = Debug|Any CPU
		{2E2CDF69-4ED9-746A-214E-692D55957490}.Debug|Any CPU.Build.0 = Debug|Any CPU
		{2E2CDF69-4ED9-746A-214E-692D55957490}.Debug|x64.ActiveCfg = Debug|Any CPU
		{2E2CDF69-4ED9-746A-214E-692D55957490}.Debug|x64.Build.0 = Debug|Any CPU
		{2E2CDF69-4ED9-746A-214E-692D55957490}.Debug|x86.ActiveCfg = Debug|Any CPU
		{2E2CDF69-4ED9-746A-214E-692D55957490}.Debug|x86.Build.0 = Debug|Any CPU
		{2E2CDF69-4ED9-746A-214E-692D55957490}.Release|Any CPU.ActiveCfg = Release|Any CPU
		{2E2CDF69-4ED9-746A-214E-692D55957490}.Release|Any CPU.Build.0 = Release|Any CPU
		{2E2CDF69-4ED9-746A-214E-692D55957490}.Release|x64.ActiveCfg = Release|Any CPU
		{2E2CDF69-4ED9-746A-214E-692D55957490}.Release|x64.Build.0 = Release|Any CPU
		{2E2CDF69-4ED9-746A-214E-692D55957490}.Release|x86.ActiveCfg = Release|Any CPU
		{2E2CDF69-4ED9-746A-214E-692D55957490}.Release|x86.Build.0 = Release|Any CPU
		{A9B2A2AB-3583-4669-AD10-C8C51A5FE891}.Debug|Any CPU.ActiveCfg = Debug|Any CPU
		{A9B2A2AB-3583-4669-AD10-C8C51A5FE891}.Debug|Any CPU.Build.0 = Debug|Any CPU
		{A9B2A2AB-3583-4669-AD10-C8C51A5FE891}.Debug|x64.ActiveCfg = Debug|Any CPU
		{A9B2A2AB-3583-4669-AD10-C8C51A5FE891}.Debug|x64.Build.0 = Debug|Any CPU
		{A9B2A2AB-3583-4669-AD10-C8C51A5FE891}.Debug|x86.ActiveCfg = Debug|Any CPU
		{A9B2A2AB-3583-4669-AD10-C8C51A5FE891}.Debug|x86.Build.0 = Debug|Any CPU
		{A9B2A2AB-3583-4669-AD10-C8C51A5FE891}.Release|Any CPU.ActiveCfg = Release|Any CPU
		{A9B2A2AB-3583-4669-AD10-C8C51A5FE891}.Release|Any CPU.Build.0 = Release|Any CPU
		{A9B2A2AB-3583-4669-AD10-C8C51A5FE891}.Release|x64.ActiveCfg = Release|Any CPU
		{A9B2A2AB-3583-4669-AD10-C8C51A5FE891}.Release|x64.Build.0 = Release|Any CPU
		{A9B2A2AB-3583-4669-AD10-C8C51A5FE891}.Release|x86.ActiveCfg = Release|Any CPU
		{A9B2A2AB-3583-4669-AD10-C8C51A5FE891}.Release|x86.Build.0 = Release|Any CPU
		{09E1D05B-D8EF-44BC-9A9C-69B3306637F4}.Debug|Any CPU.ActiveCfg = Debug|Any CPU
		{09E1D05B-D8EF-44BC-9A9C-69B3306637F4}.Debug|Any CPU.Build.0 = Debug|Any CPU
		{09E1D05B-D8EF-44BC-9A9C-69B3306637F4}.Debug|x64.ActiveCfg = Debug|Any CPU
		{09E1D05B-D8EF-44BC-9A9C-69B3306637F4}.Debug|x64.Build.0 = Debug|Any CPU
		{09E1D05B-D8EF-44BC-9A9C-69B3306637F4}.Debug|x86.ActiveCfg = Debug|Any CPU
		{09E1D05B-D8EF-44BC-9A9C-69B3306637F4}.Debug|x86.Build.0 = Debug|Any CPU
		{09E1D05B-D8EF-44BC-9A9C-69B3306637F4}.Release|Any CPU.ActiveCfg = Release|Any CPU
		{09E1D05B-D8EF-44BC-9A9C-69B3306637F4}.Release|Any CPU.Build.0 = Release|Any CPU
		{09E1D05B-D8EF-44BC-9A9C-69B3306637F4}.Release|x64.ActiveCfg = Release|Any CPU
		{09E1D05B-D8EF-44BC-9A9C-69B3306637F4}.Release|x64.Build.0 = Release|Any CPU
		{09E1D05B-D8EF-44BC-9A9C-69B3306637F4}.Release|x86.ActiveCfg = Release|Any CPU
		{09E1D05B-D8EF-44BC-9A9C-69B3306637F4}.Release|x86.Build.0 = Release|Any CPU
		{00B08D75-5D6A-4234-A05B-AD464DF09B33}.Debug|Any CPU.ActiveCfg = Debug|Any CPU
		{00B08D75-5D6A-4234-A05B-AD464DF09B33}.Debug|Any CPU.Build.0 = Debug|Any CPU
		{00B08D75-5D6A-4234-A05B-AD464DF09B33}.Debug|x64.ActiveCfg = Debug|Any CPU
		{00B08D75-5D6A-4234-A05B-AD464DF09B33}.Debug|x64.Build.0 = Debug|Any CPU
		{00B08D75-5D6A-4234-A05B-AD464DF09B33}.Debug|x86.ActiveCfg = Debug|Any CPU
		{00B08D75-5D6A-4234-A05B-AD464DF09B33}.Debug|x86.Build.0 = Debug|Any CPU
		{00B08D75-5D6A-4234-A05B-AD464DF09B33}.Release|Any CPU.ActiveCfg = Release|Any CPU
		{00B08D75-5D6A-4234-A05B-AD464DF09B33}.Release|Any CPU.Build.0 = Release|Any CPU
		{00B08D75-5D6A-4234-A05B-AD464DF09B33}.Release|x64.ActiveCfg = Release|Any CPU
		{00B08D75-5D6A-4234-A05B-AD464DF09B33}.Release|x64.Build.0 = Release|Any CPU
		{00B08D75-5D6A-4234-A05B-AD464DF09B33}.Release|x86.ActiveCfg = Release|Any CPU
		{00B08D75-5D6A-4234-A05B-AD464DF09B33}.Release|x86.Build.0 = Release|Any CPU
		{FAFD63C5-34CC-402E-B033-41ED7DC49400}.Debug|Any CPU.ActiveCfg = Debug|Any CPU
		{FAFD63C5-34CC-402E-B033-41ED7DC49400}.Debug|Any CPU.Build.0 = Debug|Any CPU
		{FAFD63C5-34CC-402E-B033-41ED7DC49400}.Debug|x64.ActiveCfg = Debug|Any CPU
		{FAFD63C5-34CC-402E-B033-41ED7DC49400}.Debug|x64.Build.0 = Debug|Any CPU
		{FAFD63C5-34CC-402E-B033-41ED7DC49400}.Debug|x86.ActiveCfg = Debug|Any CPU
		{FAFD63C5-34CC-402E-B033-41ED7DC49400}.Debug|x86.Build.0 = Debug|Any CPU
		{FAFD63C5-34CC-402E-B033-41ED7DC49400}.Release|Any CPU.ActiveCfg = Release|Any CPU
		{FAFD63C5-34CC-402E-B033-41ED7DC49400}.Release|Any CPU.Build.0 = Release|Any CPU
		{FAFD63C5-34CC-402E-B033-41ED7DC49400}.Release|x64.ActiveCfg = Release|Any CPU
		{FAFD63C5-34CC-402E-B033-41ED7DC49400}.Release|x64.Build.0 = Release|Any CPU
		{FAFD63C5-34CC-402E-B033-41ED7DC49400}.Release|x86.ActiveCfg = Release|Any CPU
		{FAFD63C5-34CC-402E-B033-41ED7DC49400}.Release|x86.Build.0 = Release|Any CPU
		{6E7CBBC8-81E2-4446-A434-4A0942FB477E}.Debug|Any CPU.ActiveCfg = Debug|Any CPU
		{6E7CBBC8-81E2-4446-A434-4A0942FB477E}.Debug|Any CPU.Build.0 = Debug|Any CPU
		{6E7CBBC8-81E2-4446-A434-4A0942FB477E}.Debug|x64.ActiveCfg = Debug|Any CPU
		{6E7CBBC8-81E2-4446-A434-4A0942FB477E}.Debug|x64.Build.0 = Debug|Any CPU
		{6E7CBBC8-81E2-4446-A434-4A0942FB477E}.Debug|x86.ActiveCfg = Debug|Any CPU
		{6E7CBBC8-81E2-4446-A434-4A0942FB477E}.Debug|x86.Build.0 = Debug|Any CPU
		{6E7CBBC8-81E2-4446-A434-4A0942FB477E}.Release|Any CPU.ActiveCfg = Release|Any CPU
		{6E7CBBC8-81E2-4446-A434-4A0942FB477E}.Release|Any CPU.Build.0 = Release|Any CPU
		{6E7CBBC8-81E2-4446-A434-4A0942FB477E}.Release|x64.ActiveCfg = Release|Any CPU
		{6E7CBBC8-81E2-4446-A434-4A0942FB477E}.Release|x64.Build.0 = Release|Any CPU
		{6E7CBBC8-81E2-4446-A434-4A0942FB477E}.Release|x86.ActiveCfg = Release|Any CPU
		{6E7CBBC8-81E2-4446-A434-4A0942FB477E}.Release|x86.Build.0 = Release|Any CPU
		{70BE4532-71DD-429D-8ECE-B6E07D16B08A}.Debug|Any CPU.ActiveCfg = Debug|Any CPU
		{70BE4532-71DD-429D-8ECE-B6E07D16B08A}.Debug|Any CPU.Build.0 = Debug|Any CPU
		{70BE4532-71DD-429D-8ECE-B6E07D16B08A}.Debug|x64.ActiveCfg = Debug|Any CPU
		{70BE4532-71DD-429D-8ECE-B6E07D16B08A}.Debug|x64.Build.0 = Debug|Any CPU
		{70BE4532-71DD-429D-8ECE-B6E07D16B08A}.Debug|x86.ActiveCfg = Debug|Any CPU
		{70BE4532-71DD-429D-8ECE-B6E07D16B08A}.Debug|x86.Build.0 = Debug|Any CPU
		{70BE4532-71DD-429D-8ECE-B6E07D16B08A}.Release|Any CPU.ActiveCfg = Release|Any CPU
		{70BE4532-71DD-429D-8ECE-B6E07D16B08A}.Release|Any CPU.Build.0 = Release|Any CPU
		{70BE4532-71DD-429D-8ECE-B6E07D16B08A}.Release|x64.ActiveCfg = Release|Any CPU
		{70BE4532-71DD-429D-8ECE-B6E07D16B08A}.Release|x64.Build.0 = Release|Any CPU
		{70BE4532-71DD-429D-8ECE-B6E07D16B08A}.Release|x86.ActiveCfg = Release|Any CPU
		{70BE4532-71DD-429D-8ECE-B6E07D16B08A}.Release|x86.Build.0 = Release|Any CPU
		{6C00444F-EF71-4271-A9C7-E5283F7581D5}.Debug|Any CPU.ActiveCfg = Debug|Any CPU
		{6C00444F-EF71-4271-A9C7-E5283F7581D5}.Debug|Any CPU.Build.0 = Debug|Any CPU
		{6C00444F-EF71-4271-A9C7-E5283F7581D5}.Debug|x64.ActiveCfg = Debug|Any CPU
		{6C00444F-EF71-4271-A9C7-E5283F7581D5}.Debug|x64.Build.0 = Debug|Any CPU
		{6C00444F-EF71-4271-A9C7-E5283F7581D5}.Debug|x86.ActiveCfg = Debug|Any CPU
		{6C00444F-EF71-4271-A9C7-E5283F7581D5}.Debug|x86.Build.0 = Debug|Any CPU
		{6C00444F-EF71-4271-A9C7-E5283F7581D5}.Release|Any CPU.ActiveCfg = Release|Any CPU
		{6C00444F-EF71-4271-A9C7-E5283F7581D5}.Release|Any CPU.Build.0 = Release|Any CPU
		{6C00444F-EF71-4271-A9C7-E5283F7581D5}.Release|x64.ActiveCfg = Release|Any CPU
		{6C00444F-EF71-4271-A9C7-E5283F7581D5}.Release|x64.Build.0 = Release|Any CPU
		{6C00444F-EF71-4271-A9C7-E5283F7581D5}.Release|x86.ActiveCfg = Release|Any CPU
		{6C00444F-EF71-4271-A9C7-E5283F7581D5}.Release|x86.Build.0 = Release|Any CPU
		{39F582F0-56E6-4CD7-9A3C-5AFD08D87813}.Debug|Any CPU.ActiveCfg = Debug|Any CPU
		{39F582F0-56E6-4CD7-9A3C-5AFD08D87813}.Debug|Any CPU.Build.0 = Debug|Any CPU
		{39F582F0-56E6-4CD7-9A3C-5AFD08D87813}.Debug|x64.ActiveCfg = Debug|Any CPU
		{39F582F0-56E6-4CD7-9A3C-5AFD08D87813}.Debug|x64.Build.0 = Debug|Any CPU
		{39F582F0-56E6-4CD7-9A3C-5AFD08D87813}.Debug|x86.ActiveCfg = Debug|Any CPU
		{39F582F0-56E6-4CD7-9A3C-5AFD08D87813}.Debug|x86.Build.0 = Debug|Any CPU
		{39F582F0-56E6-4CD7-9A3C-5AFD08D87813}.Release|Any CPU.ActiveCfg = Release|Any CPU
		{39F582F0-56E6-4CD7-9A3C-5AFD08D87813}.Release|Any CPU.Build.0 = Release|Any CPU
		{39F582F0-56E6-4CD7-9A3C-5AFD08D87813}.Release|x64.ActiveCfg = Release|Any CPU
		{39F582F0-56E6-4CD7-9A3C-5AFD08D87813}.Release|x64.Build.0 = Release|Any CPU
		{39F582F0-56E6-4CD7-9A3C-5AFD08D87813}.Release|x86.ActiveCfg = Release|Any CPU
		{39F582F0-56E6-4CD7-9A3C-5AFD08D87813}.Release|x86.Build.0 = Release|Any CPU
	EndGlobalSection
	GlobalSection(SolutionProperties) = preSolution
		HideSolutionNode = FALSE
	EndGlobalSection
	GlobalSection(NestedProjects) = preSolution
		{BD8301D0-EC1D-46DD-B3DC-11A282404259} = {8EC462FD-D22E-90A8-E5CE-7E832BA40C5D}
		{D241F632-4AC7-42FA-917B-85F0EE1F9CED} = {BD8301D0-EC1D-46DD-B3DC-11A282404259}
		{1CB43367-B21B-4548-8D02-8508762B05EE} = {BD8301D0-EC1D-46DD-B3DC-11A282404259}
		{8B49F0DF-39B6-48A4-A760-9D3388683F88} = {8EC462FD-D22E-90A8-E5CE-7E832BA40C5D}
		{C9170703-CD97-4BCC-BAE6-C6886DB6AAF3} = {8B49F0DF-39B6-48A4-A760-9D3388683F88}
	EndGlobalSection
	GlobalSection(ExtensibilityGlobals) = postSolution
		SolutionGuid = {F51FE0B2-88D2-4467-86A9-54B70B52FBD9}
	EndGlobalSection
EndGlobal
